
Microsoft Visual Studio Solution File, Format Version 12.00
# Visual Studio Version 16
VisualStudioVersion = 16.0.30717.126
MinimumVisualStudioVersion = 10.0.40219.1
Project("{FAE04EC0-301F-11D3-BF4B-00C04F79EFBC}") = "MODELO", "MODELO\MODELO.csproj", "{F74FC733-A6BF-4C72-8FBF-F65F806034AC}"
EndProject
Project("{FAE04EC0-301F-11D3-BF4B-00C04F79EFBC}") = "CONTROLADOR", "CONTROLADOR\CONTROLADOR.csproj", "{E91625BC-ED1C-4BD2-B6AB-CBCACA013988}"
EndProject
Project("{FAE04EC0-301F-11D3-BF4B-00C04F79EFBC}") = "VISTA", "VISTA\VISTA.csproj", "{35FE09EE-F940-4716-BAFC-DE57E70FD60A}"
EndProject
Global
	GlobalSection(SolutionConfigurationPlatforms) = preSolution
		Debug|Any CPU = Debug|Any CPU
		Release|Any CPU = Release|Any CPU
	EndGlobalSection
	GlobalSection(ProjectConfigurationPlatforms) = postSolution
		{F74FC733-A6BF-4C72-8FBF-F65F806034AC}.Debug|Any CPU.ActiveCfg = Debug|Any CPU
		{F74FC733-A6BF-4C72-8FBF-F65F806034AC}.Debug|Any CPU.Build.0 = Debug|Any CPU
		{F74FC733-A6BF-4C72-8FBF-F65F806034AC}.Release|Any CPU.ActiveCfg = Release|Any CPU
		{F74FC733-A6BF-4C72-8FBF-F65F806034AC}.Release|Any CPU.Build.0 = Release|Any CPU
		{E91625BC-ED1C-4BD2-B6AB-CBCACA013988}.Debug|Any CPU.ActiveCfg = Debug|Any CPU
		{E91625BC-ED1C-4BD2-B6AB-CBCACA013988}.Debug|Any CPU.Build.0 = Debug|Any CPU
		{E91625BC-ED1C-4BD2-B6AB-CBCACA013988}.Release|Any CPU.ActiveCfg = Release|Any CPU
		{E91625BC-ED1C-4BD2-B6AB-CBCACA013988}.Release|Any CPU.Build.0 = Release|Any CPU
		{35FE09EE-F940-4716-BAFC-DE57E70FD60A}.Debug|Any CPU.ActiveCfg = Debug|Any CPU
		{35FE09EE-F940-4716-BAFC-DE57E70FD60A}.Debug|Any CPU.Build.0 = Debug|Any CPU
		{35FE09EE-F940-4716-BAFC-DE57E70FD60A}.Release|Any CPU.ActiveCfg = Release|Any CPU
		{35FE09EE-F940-4716-BAFC-DE57E70FD60A}.Release|Any CPU.Build.0 = Release|Any CPU
	EndGlobalSection
	GlobalSection(SolutionProperties) = preSolution
		HideSolutionNode = FALSE
	EndGlobalSection
	GlobalSection(ExtensibilityGlobals) = postSolution
		SolutionGuid = {DE251D30-E6D3-411A-9426-3860FC476D9D}
	EndGlobalSection
EndGlobal
